
Microsoft Visual Studio Solution File, Format Version 12.00
# Visual Studio Version 17
VisualStudioVersion = 17.4.33213.308
MinimumVisualStudioVersion = 10.0.40219.1
Project("{FAE04EC0-301F-11D3-BF4B-00C04F79EFBC}") = "MKE", "WinFormsApp1\MKE.csproj", "{FAFE2B46-19C2-4D17-B35A-C5431F0E5A33}"
EndProject
Global
	GlobalSection(SolutionConfigurationPlatforms) = preSolution
		Debug|Any CPU = Debug|Any CPU
		Release|Any CPU = Release|Any CPU
	EndGlobalSection
	GlobalSection(ProjectConfigurationPlatforms) = postSolution
		{FAFE2B46-19C2-4D17-B35A-C5431F0E5A33}.Debug|Any CPU.ActiveCfg = Debug|Any CPU
		{FAFE2B46-19C2-4D17-B35A-C5431F0E5A33}.Debug|Any CPU.Build.0 = Debug|Any CPU
		{FAFE2B46-19C2-4D17-B35A-C5431F0E5A33}.Release|Any CPU.ActiveCfg = Release|Any CPU
		{FAFE2B46-19C2-4D17-B35A-C5431F0E5A33}.Release|Any CPU.Build.0 = Release|Any CPU
	EndGlobalSection
	GlobalSection(SolutionProperties) = preSolution
		HideSolutionNode = FALSE
	EndGlobalSection
	GlobalSection(ExtensibilityGlobals) = postSolution
		SolutionGuid = {E26DC65D-CCAF-464E-8E2C-F8E463966ED8}
	EndGlobalSection
EndGlobal
